// !$*UTF8*$!
{
	archiveVersion = 1;
	classes = {
	};
	objectVersion = 52;
	objects = {

/* Begin PBXBuildFile section */
		F748C1F9263D656A00DFD69F /* PleiadesNicoApp.swift in Sources */ = {isa = PBXBuildFile; fileRef = F748C1F8263D656A00DFD69F /* PleiadesNicoApp.swift */; };
		F748C1FD263D656F00DFD69F /* Assets.xcassets in Resources */ = {isa = PBXBuildFile; fileRef = F748C1FC263D656F00DFD69F /* Assets.xcassets */; };
		F748C200263D656F00DFD69F /* Preview Assets.xcassets in Resources */ = {isa = PBXBuildFile; fileRef = F748C1FF263D656F00DFD69F /* Preview Assets.xcassets */; };
		F748C20B263D656F00DFD69F /* PleiadesNicoTests.swift in Sources */ = {isa = PBXBuildFile; fileRef = F748C20A263D656F00DFD69F /* PleiadesNicoTests.swift */; };
		F748C216263D656F00DFD69F /* PleiadesNicoUITests.swift in Sources */ = {isa = PBXBuildFile; fileRef = F748C215263D656F00DFD69F /* PleiadesNicoUITests.swift */; };
		F748C228263D664A00DFD69F /* Kanna in Frameworks */ = {isa = PBXBuildFile; productRef = F748C227263D664A00DFD69F /* Kanna */; };
		F748C22E263D672400DFD69F /* SDWebImageSwiftUI in Frameworks */ = {isa = PBXBuildFile; productRef = F748C22D263D672400DFD69F /* SDWebImageSwiftUI */; };
		F748C246263D678600DFD69F /* RankingAPI.swift in Sources */ = {isa = PBXBuildFile; fileRef = F748C233263D678600DFD69F /* RankingAPI.swift */; };
		F748C247263D678600DFD69F /* VideoStreamAPI.swift in Sources */ = {isa = PBXBuildFile; fileRef = F748C234263D678600DFD69F /* VideoStreamAPI.swift */; };
		F748C248263D678600DFD69F /* DebugLog.swift in Sources */ = {isa = PBXBuildFile; fileRef = F748C235263D678600DFD69F /* DebugLog.swift */; };
		F748C249263D678600DFD69F /* MockPage.swift in Sources */ = {isa = PBXBuildFile; fileRef = F748C237263D678600DFD69F /* MockPage.swift */; };
		F748C24A263D678600DFD69F /* MockRanking.swift in Sources */ = {isa = PBXBuildFile; fileRef = F748C238263D678600DFD69F /* MockRanking.swift */; };
		F748C24B263D678600DFD69F /* MockSearchResult.swift in Sources */ = {isa = PBXBuildFile; fileRef = F748C239263D678600DFD69F /* MockSearchResult.swift */; };
		F748C24C263D678600DFD69F /* DmcSessionRequest.swift in Sources */ = {isa = PBXBuildFile; fileRef = F748C23B263D678600DFD69F /* DmcSessionRequest.swift */; };
		F748C24D263D678600DFD69F /* DmcSessionResponse.swift in Sources */ = {isa = PBXBuildFile; fileRef = F748C23C263D678600DFD69F /* DmcSessionResponse.swift */; };
		F748C24E263D678600DFD69F /* DmcSessionInfo.swift in Sources */ = {isa = PBXBuildFile; fileRef = F748C23D263D678600DFD69F /* DmcSessionInfo.swift */; };
		F748C250263D678600DFD69F /* NicoSession.swift in Sources */ = {isa = PBXBuildFile; fileRef = F748C23F263D678600DFD69F /* NicoSession.swift */; };
		F748C251263D678600DFD69F /* DateTimeFormat.swift in Sources */ = {isa = PBXBuildFile; fileRef = F748C240263D678600DFD69F /* DateTimeFormat.swift */; };
		F748C252263D678600DFD69F /* VideoInfoAPI.swift in Sources */ = {isa = PBXBuildFile; fileRef = F748C241263D678600DFD69F /* VideoInfoAPI.swift */; };
		F748C253263D678600DFD69F /* SearchAPI.swift in Sources */ = {isa = PBXBuildFile; fileRef = F748C242263D678600DFD69F /* SearchAPI.swift */; };
		F748C254263D678600DFD69F /* CommentResponse.swift in Sources */ = {isa = PBXBuildFile; fileRef = F748C244263D678600DFD69F /* CommentResponse.swift */; };
		F748C255263D678600DFD69F /* CommentRequest.swift in Sources */ = {isa = PBXBuildFile; fileRef = F748C245263D678600DFD69F /* CommentRequest.swift */; };
		F748C27D263D67AF00DFD69F /* SearchViewModel.swift in Sources */ = {isa = PBXBuildFile; fileRef = F748C263263D67AE00DFD69F /* SearchViewModel.swift */; };
		F748C27E263D67AF00DFD69F /* VideoDetailViewModel.swift in Sources */ = {isa = PBXBuildFile; fileRef = F748C264263D67AE00DFD69F /* VideoDetailViewModel.swift */; };
		F748C27F263D67AF00DFD69F /* RankingViewModel.swift in Sources */ = {isa = PBXBuildFile; fileRef = F748C265263D67AE00DFD69F /* RankingViewModel.swift */; };
		F748C280263D67AF00DFD69F /* VideoScreen.swift in Sources */ = {isa = PBXBuildFile; fileRef = F748C267263D67AE00DFD69F /* VideoScreen.swift */; };
		F748C281263D67AF00DFD69F /* PlayerViewModel.swift in Sources */ = {isa = PBXBuildFile; fileRef = F748C268263D67AE00DFD69F /* PlayerViewModel.swift */; };
		F748C282263D67AF00DFD69F /* RankingRowView.swift in Sources */ = {isa = PBXBuildFile; fileRef = F748C26B263D67AF00DFD69F /* RankingRowView.swift */; };
		F748C283263D67AF00DFD69F /* RankingTopView.swift in Sources */ = {isa = PBXBuildFile; fileRef = F748C26C263D67AF00DFD69F /* RankingTopView.swift */; };
		F748C284263D67AF00DFD69F /* GenreSelectView.swift in Sources */ = {isa = PBXBuildFile; fileRef = F748C26D263D67AF00DFD69F /* GenreSelectView.swift */; };
		F748C285263D67AF00DFD69F /* VideoDetailView.swift in Sources */ = {isa = PBXBuildFile; fileRef = F748C26F263D67AF00DFD69F /* VideoDetailView.swift */; };
		F748C286263D67AF00DFD69F /* SearchView.swift in Sources */ = {isa = PBXBuildFile; fileRef = F748C271263D67AF00DFD69F /* SearchView.swift */; };
		F748C287263D67AF00DFD69F /* OnlineImageIView.swift in Sources */ = {isa = PBXBuildFile; fileRef = F748C273263D67AF00DFD69F /* OnlineImageIView.swift */; };
		F748C288263D67AF00DFD69F /* PropertyLabelView.swift in Sources */ = {isa = PBXBuildFile; fileRef = F748C274263D67AF00DFD69F /* PropertyLabelView.swift */; };
		F748C289263D67AF00DFD69F /* VideoAbstractView.swift in Sources */ = {isa = PBXBuildFile; fileRef = F748C275263D67AF00DFD69F /* VideoAbstractView.swift */; };
		F748C28A263D67AF00DFD69F /* ColorPalette.swift in Sources */ = {isa = PBXBuildFile; fileRef = F748C276263D67AF00DFD69F /* ColorPalette.swift */; };
		F748C28B263D67AF00DFD69F /* ContentView.swift in Sources */ = {isa = PBXBuildFile; fileRef = F748C277263D67AF00DFD69F /* ContentView.swift */; };
		F748C28C263D67AF00DFD69F /* SwipeGesture.swift in Sources */ = {isa = PBXBuildFile; fileRef = F748C279263D67AF00DFD69F /* SwipeGesture.swift */; };
		F748C28D263D67AF00DFD69F /* PlayerTopView.swift in Sources */ = {isa = PBXBuildFile; fileRef = F748C27A263D67AF00DFD69F /* PlayerTopView.swift */; };
		F748C28E263D67AF00DFD69F /* PlayControlView.swift in Sources */ = {isa = PBXBuildFile; fileRef = F748C27B263D67AF00DFD69F /* PlayControlView.swift */; };
		F748C28F263D67AF00DFD69F /* CommentView.swift in Sources */ = {isa = PBXBuildFile; fileRef = F748C27C263D67AF00DFD69F /* CommentView.swift */; };
		F74FA98A26441E9400D06430 /* TestbedView.swift in Sources */ = {isa = PBXBuildFile; fileRef = F74FA98926441E9400D06430 /* TestbedView.swift */; };
		F756F5B0263D6AE500648DE2 /* MockUserPassword.swift in Sources */ = {isa = PBXBuildFile; fileRef = F756F5AF263D6AE500648DE2 /* MockUserPassword.swift */; };
		F782BE45263FCCAD00EFB676 /* WebView.swift in Sources */ = {isa = PBXBuildFile; fileRef = F782BE44263FCCAD00EFB676 /* WebView.swift */; };
		F792BEA8264282BB0048ECF0 /* StreamConnection.swift in Sources */ = {isa = PBXBuildFile; fileRef = F792BEA7264282BB0048ECF0 /* StreamConnection.swift */; };
		F7C800B326402716005F76D0 /* MylistAPI.swift in Sources */ = {isa = PBXBuildFile; fileRef = F7C800B226402716005F76D0 /* MylistAPI.swift */; };
		F7D72FDA263FE79400836A71 /* SettingView.swift in Sources */ = {isa = PBXBuildFile; fileRef = F7D72FD9263FE79400836A71 /* SettingView.swift */; };
		F7D72FDF263FF19A00836A71 /* SettingViewModel.swift in Sources */ = {isa = PBXBuildFile; fileRef = F7D72FDE263FF19A00836A71 /* SettingViewModel.swift */; };
		F7D72FE4263FF24800836A71 /* ConfigStorage.swift in Sources */ = {isa = PBXBuildFile; fileRef = F7D72FE3263FF24800836A71 /* ConfigStorage.swift */; };
		F7D83C912640E29B00FC42D7 /* NicoURL.swift in Sources */ = {isa = PBXBuildFile; fileRef = F7D83C902640E29B00FC42D7 /* NicoURL.swift */; };
		F7D83C9C26414B6F00FC42D7 /* SearchTopView.swift in Sources */ = {isa = PBXBuildFile; fileRef = F7D83C9B26414B6F00FC42D7 /* SearchTopView.swift */; };
/* End PBXBuildFile section */

/* Begin PBXContainerItemProxy section */
		F748C207263D656F00DFD69F /* PBXContainerItemProxy */ = {
			isa = PBXContainerItemProxy;
			containerPortal = F748C1ED263D656A00DFD69F /* Project object */;
			proxyType = 1;
			remoteGlobalIDString = F748C1F4263D656A00DFD69F;
			remoteInfo = PleiadesNico;
		};
		F748C212263D656F00DFD69F /* PBXContainerItemProxy */ = {
			isa = PBXContainerItemProxy;
			containerPortal = F748C1ED263D656A00DFD69F /* Project object */;
			proxyType = 1;
			remoteGlobalIDString = F748C1F4263D656A00DFD69F;
			remoteInfo = PleiadesNico;
		};
/* End PBXContainerItemProxy section */

/* Begin PBXFileReference section */
		F748C1F5263D656A00DFD69F /* PleiadesNico.app */ = {isa = PBXFileReference; explicitFileType = wrapper.application; includeInIndex = 0; path = PleiadesNico.app; sourceTree = BUILT_PRODUCTS_DIR; };
		F748C1F8263D656A00DFD69F /* PleiadesNicoApp.swift */ = {isa = PBXFileReference; lastKnownFileType = sourcecode.swift; path = PleiadesNicoApp.swift; sourceTree = "<group>"; };
		F748C1FC263D656F00DFD69F /* Assets.xcassets */ = {isa = PBXFileReference; lastKnownFileType = folder.assetcatalog; path = Assets.xcassets; sourceTree = "<group>"; };
		F748C1FF263D656F00DFD69F /* Preview Assets.xcassets */ = {isa = PBXFileReference; lastKnownFileType = folder.assetcatalog; path = "Preview Assets.xcassets"; sourceTree = "<group>"; };
		F748C201263D656F00DFD69F /* Info.plist */ = {isa = PBXFileReference; lastKnownFileType = text.plist.xml; path = Info.plist; sourceTree = "<group>"; };
		F748C206263D656F00DFD69F /* PleiadesNicoTests.xctest */ = {isa = PBXFileReference; explicitFileType = wrapper.cfbundle; includeInIndex = 0; path = PleiadesNicoTests.xctest; sourceTree = BUILT_PRODUCTS_DIR; };
		F748C20A263D656F00DFD69F /* PleiadesNicoTests.swift */ = {isa = PBXFileReference; lastKnownFileType = sourcecode.swift; path = PleiadesNicoTests.swift; sourceTree = "<group>"; };
		F748C20C263D656F00DFD69F /* Info.plist */ = {isa = PBXFileReference; lastKnownFileType = text.plist.xml; path = Info.plist; sourceTree = "<group>"; };
		F748C211263D656F00DFD69F /* PleiadesNicoUITests.xctest */ = {isa = PBXFileReference; explicitFileType = wrapper.cfbundle; includeInIndex = 0; path = PleiadesNicoUITests.xctest; sourceTree = BUILT_PRODUCTS_DIR; };
		F748C215263D656F00DFD69F /* PleiadesNicoUITests.swift */ = {isa = PBXFileReference; lastKnownFileType = sourcecode.swift; path = PleiadesNicoUITests.swift; sourceTree = "<group>"; };
		F748C217263D656F00DFD69F /* Info.plist */ = {isa = PBXFileReference; lastKnownFileType = text.plist.xml; path = Info.plist; sourceTree = "<group>"; };
		F748C233263D678600DFD69F /* RankingAPI.swift */ = {isa = PBXFileReference; fileEncoding = 4; lastKnownFileType = sourcecode.swift; path = RankingAPI.swift; sourceTree = "<group>"; };
		F748C234263D678600DFD69F /* VideoStreamAPI.swift */ = {isa = PBXFileReference; fileEncoding = 4; lastKnownFileType = sourcecode.swift; path = VideoStreamAPI.swift; sourceTree = "<group>"; };
		F748C235263D678600DFD69F /* DebugLog.swift */ = {isa = PBXFileReference; fileEncoding = 4; lastKnownFileType = sourcecode.swift; path = DebugLog.swift; sourceTree = "<group>"; };
		F748C237263D678600DFD69F /* MockPage.swift */ = {isa = PBXFileReference; fileEncoding = 4; lastKnownFileType = sourcecode.swift; path = MockPage.swift; sourceTree = "<group>"; };
		F748C238263D678600DFD69F /* MockRanking.swift */ = {isa = PBXFileReference; fileEncoding = 4; lastKnownFileType = sourcecode.swift; path = MockRanking.swift; sourceTree = "<group>"; };
		F748C239263D678600DFD69F /* MockSearchResult.swift */ = {isa = PBXFileReference; fileEncoding = 4; lastKnownFileType = sourcecode.swift; path = MockSearchResult.swift; sourceTree = "<group>"; };
		F748C23B263D678600DFD69F /* DmcSessionRequest.swift */ = {isa = PBXFileReference; fileEncoding = 4; lastKnownFileType = sourcecode.swift; path = DmcSessionRequest.swift; sourceTree = "<group>"; };
		F748C23C263D678600DFD69F /* DmcSessionResponse.swift */ = {isa = PBXFileReference; fileEncoding = 4; lastKnownFileType = sourcecode.swift; path = DmcSessionResponse.swift; sourceTree = "<group>"; };
		F748C23D263D678600DFD69F /* DmcSessionInfo.swift */ = {isa = PBXFileReference; fileEncoding = 4; lastKnownFileType = sourcecode.swift; path = DmcSessionInfo.swift; sourceTree = "<group>"; };
		F748C23F263D678600DFD69F /* NicoSession.swift */ = {isa = PBXFileReference; fileEncoding = 4; lastKnownFileType = sourcecode.swift; path = NicoSession.swift; sourceTree = "<group>"; };
		F748C240263D678600DFD69F /* DateTimeFormat.swift */ = {isa = PBXFileReference; fileEncoding = 4; lastKnownFileType = sourcecode.swift; path = DateTimeFormat.swift; sourceTree = "<group>"; };
		F748C241263D678600DFD69F /* VideoInfoAPI.swift */ = {isa = PBXFileReference; fileEncoding = 4; lastKnownFileType = sourcecode.swift; path = VideoInfoAPI.swift; sourceTree = "<group>"; };
		F748C242263D678600DFD69F /* SearchAPI.swift */ = {isa = PBXFileReference; fileEncoding = 4; lastKnownFileType = sourcecode.swift; path = SearchAPI.swift; sourceTree = "<group>"; };
		F748C244263D678600DFD69F /* CommentResponse.swift */ = {isa = PBXFileReference; fileEncoding = 4; lastKnownFileType = sourcecode.swift; path = CommentResponse.swift; sourceTree = "<group>"; };
		F748C245263D678600DFD69F /* CommentRequest.swift */ = {isa = PBXFileReference; fileEncoding = 4; lastKnownFileType = sourcecode.swift; path = CommentRequest.swift; sourceTree = "<group>"; };
		F748C263263D67AE00DFD69F /* SearchViewModel.swift */ = {isa = PBXFileReference; fileEncoding = 4; lastKnownFileType = sourcecode.swift; path = SearchViewModel.swift; sourceTree = "<group>"; };
		F748C264263D67AE00DFD69F /* VideoDetailViewModel.swift */ = {isa = PBXFileReference; fileEncoding = 4; lastKnownFileType = sourcecode.swift; path = VideoDetailViewModel.swift; sourceTree = "<group>"; };
		F748C265263D67AE00DFD69F /* RankingViewModel.swift */ = {isa = PBXFileReference; fileEncoding = 4; lastKnownFileType = sourcecode.swift; path = RankingViewModel.swift; sourceTree = "<group>"; };
		F748C267263D67AE00DFD69F /* VideoScreen.swift */ = {isa = PBXFileReference; fileEncoding = 4; lastKnownFileType = sourcecode.swift; path = VideoScreen.swift; sourceTree = "<group>"; };
		F748C268263D67AE00DFD69F /* PlayerViewModel.swift */ = {isa = PBXFileReference; fileEncoding = 4; lastKnownFileType = sourcecode.swift; path = PlayerViewModel.swift; sourceTree = "<group>"; };
		F748C26B263D67AF00DFD69F /* RankingRowView.swift */ = {isa = PBXFileReference; fileEncoding = 4; lastKnownFileType = sourcecode.swift; path = RankingRowView.swift; sourceTree = "<group>"; };
		F748C26C263D67AF00DFD69F /* RankingTopView.swift */ = {isa = PBXFileReference; fileEncoding = 4; lastKnownFileType = sourcecode.swift; path = RankingTopView.swift; sourceTree = "<group>"; };
		F748C26D263D67AF00DFD69F /* GenreSelectView.swift */ = {isa = PBXFileReference; fileEncoding = 4; lastKnownFileType = sourcecode.swift; path = GenreSelectView.swift; sourceTree = "<group>"; };
		F748C26F263D67AF00DFD69F /* VideoDetailView.swift */ = {isa = PBXFileReference; fileEncoding = 4; lastKnownFileType = sourcecode.swift; path = VideoDetailView.swift; sourceTree = "<group>"; };
		F748C271263D67AF00DFD69F /* SearchView.swift */ = {isa = PBXFileReference; fileEncoding = 4; lastKnownFileType = sourcecode.swift; path = SearchView.swift; sourceTree = "<group>"; };
		F748C273263D67AF00DFD69F /* OnlineImageIView.swift */ = {isa = PBXFileReference; fileEncoding = 4; lastKnownFileType = sourcecode.swift; path = OnlineImageIView.swift; sourceTree = "<group>"; };
		F748C274263D67AF00DFD69F /* PropertyLabelView.swift */ = {isa = PBXFileReference; fileEncoding = 4; lastKnownFileType = sourcecode.swift; path = PropertyLabelView.swift; sourceTree = "<group>"; };
		F748C275263D67AF00DFD69F /* VideoAbstractView.swift */ = {isa = PBXFileReference; fileEncoding = 4; lastKnownFileType = sourcecode.swift; path = VideoAbstractView.swift; sourceTree = "<group>"; };
		F748C276263D67AF00DFD69F /* ColorPalette.swift */ = {isa = PBXFileReference; fileEncoding = 4; lastKnownFileType = sourcecode.swift; path = ColorPalette.swift; sourceTree = "<group>"; };
		F748C277263D67AF00DFD69F /* ContentView.swift */ = {isa = PBXFileReference; fileEncoding = 4; lastKnownFileType = sourcecode.swift; path = ContentView.swift; sourceTree = "<group>"; };
		F748C279263D67AF00DFD69F /* SwipeGesture.swift */ = {isa = PBXFileReference; fileEncoding = 4; lastKnownFileType = sourcecode.swift; path = SwipeGesture.swift; sourceTree = "<group>"; };
		F748C27A263D67AF00DFD69F /* PlayerTopView.swift */ = {isa = PBXFileReference; fileEncoding = 4; lastKnownFileType = sourcecode.swift; path = PlayerTopView.swift; sourceTree = "<group>"; };
		F748C27B263D67AF00DFD69F /* PlayControlView.swift */ = {isa = PBXFileReference; fileEncoding = 4; lastKnownFileType = sourcecode.swift; path = PlayControlView.swift; sourceTree = "<group>"; };
		F748C27C263D67AF00DFD69F /* CommentView.swift */ = {isa = PBXFileReference; fileEncoding = 4; lastKnownFileType = sourcecode.swift; path = CommentView.swift; sourceTree = "<group>"; };
		F74FA98926441E9400D06430 /* TestbedView.swift */ = {isa = PBXFileReference; lastKnownFileType = sourcecode.swift; path = TestbedView.swift; sourceTree = "<group>"; };
		F756F5AF263D6AE500648DE2 /* MockUserPassword.swift */ = {isa = PBXFileReference; fileEncoding = 4; lastKnownFileType = sourcecode.swift; path = MockUserPassword.swift; sourceTree = "<group>"; };
		F782BE44263FCCAD00EFB676 /* WebView.swift */ = {isa = PBXFileReference; lastKnownFileType = sourcecode.swift; path = WebView.swift; sourceTree = "<group>"; };
		F792BEA7264282BB0048ECF0 /* StreamConnection.swift */ = {isa = PBXFileReference; lastKnownFileType = sourcecode.swift; path = StreamConnection.swift; sourceTree = "<group>"; };
		F7C800B226402716005F76D0 /* MylistAPI.swift */ = {isa = PBXFileReference; lastKnownFileType = sourcecode.swift; path = MylistAPI.swift; sourceTree = "<group>"; };
		F7D72FD9263FE79400836A71 /* SettingView.swift */ = {isa = PBXFileReference; lastKnownFileType = sourcecode.swift; path = SettingView.swift; sourceTree = "<group>"; };
		F7D72FDE263FF19A00836A71 /* SettingViewModel.swift */ = {isa = PBXFileReference; lastKnownFileType = sourcecode.swift; path = SettingViewModel.swift; sourceTree = "<group>"; };
		F7D72FE3263FF24800836A71 /* ConfigStorage.swift */ = {isa = PBXFileReference; lastKnownFileType = sourcecode.swift; path = ConfigStorage.swift; sourceTree = "<group>"; };
		F7D83C902640E29B00FC42D7 /* NicoURL.swift */ = {isa = PBXFileReference; lastKnownFileType = sourcecode.swift; path = NicoURL.swift; sourceTree = "<group>"; };
		F7D83C9B26414B6F00FC42D7 /* SearchTopView.swift */ = {isa = PBXFileReference; lastKnownFileType = sourcecode.swift; path = SearchTopView.swift; sourceTree = "<group>"; };
/* End PBXFileReference section */

/* Begin PBXFrameworksBuildPhase section */
		F748C1F2263D656A00DFD69F /* Frameworks */ = {
			isa = PBXFrameworksBuildPhase;
			buildActionMask = 2147483647;
			files = (
				F748C22E263D672400DFD69F /* SDWebImageSwiftUI in Frameworks */,
				F748C228263D664A00DFD69F /* Kanna in Frameworks */,
			);
			runOnlyForDeploymentPostprocessing = 0;
		};
		F748C203263D656F00DFD69F /* Frameworks */ = {
			isa = PBXFrameworksBuildPhase;
			buildActionMask = 2147483647;
			files = (
			);
			runOnlyForDeploymentPostprocessing = 0;
		};
		F748C20E263D656F00DFD69F /* Frameworks */ = {
			isa = PBXFrameworksBuildPhase;
			buildActionMask = 2147483647;
			files = (
			);
			runOnlyForDeploymentPostprocessing = 0;
		};
/* End PBXFrameworksBuildPhase section */

/* Begin PBXGroup section */
		F748C1EC263D656A00DFD69F = {
			isa = PBXGroup;
			children = (
				F748C1F7263D656A00DFD69F /* PleiadesNico */,
				F748C209263D656F00DFD69F /* PleiadesNicoTests */,
				F748C214263D656F00DFD69F /* PleiadesNicoUITests */,
				F748C1F6263D656A00DFD69F /* Products */,
			);
			sourceTree = "<group>";
		};
		F748C1F6263D656A00DFD69F /* Products */ = {
			isa = PBXGroup;
			children = (
				F748C1F5263D656A00DFD69F /* PleiadesNico.app */,
				F748C206263D656F00DFD69F /* PleiadesNicoTests.xctest */,
				F748C211263D656F00DFD69F /* PleiadesNicoUITests.xctest */,
			);
			name = Products;
			sourceTree = "<group>";
		};
		F748C1F7263D656A00DFD69F /* PleiadesNico */ = {
			isa = PBXGroup;
			children = (
				F748C1F8263D656A00DFD69F /* PleiadesNicoApp.swift */,
				F748C269263D67AF00DFD69F /* Views */,
				F748C262263D67AE00DFD69F /* ViewModels */,
				F748C232263D678600DFD69F /* Models */,
				F748C1FC263D656F00DFD69F /* Assets.xcassets */,
				F748C201263D656F00DFD69F /* Info.plist */,
				F748C1FE263D656F00DFD69F /* Preview Content */,
			);
			path = PleiadesNico;
			sourceTree = "<group>";
		};
		F748C1FE263D656F00DFD69F /* Preview Content */ = {
			isa = PBXGroup;
			children = (
				F748C1FF263D656F00DFD69F /* Preview Assets.xcassets */,
			);
			path = "Preview Content";
			sourceTree = "<group>";
		};
		F748C209263D656F00DFD69F /* PleiadesNicoTests */ = {
			isa = PBXGroup;
			children = (
				F748C20A263D656F00DFD69F /* PleiadesNicoTests.swift */,
				F748C20C263D656F00DFD69F /* Info.plist */,
			);
			path = PleiadesNicoTests;
			sourceTree = "<group>";
		};
		F748C214263D656F00DFD69F /* PleiadesNicoUITests */ = {
			isa = PBXGroup;
			children = (
				F748C215263D656F00DFD69F /* PleiadesNicoUITests.swift */,
				F748C217263D656F00DFD69F /* Info.plist */,
			);
			path = PleiadesNicoUITests;
			sourceTree = "<group>";
		};
		F748C232263D678600DFD69F /* Models */ = {
			isa = PBXGroup;
			children = (
				F748C236263D678600DFD69F /* Mock */,
				F7E361392642679B00347944 /* NicoAPI */,
				F7D83C902640E29B00FC42D7 /* NicoURL.swift */,
				F748C23F263D678600DFD69F /* NicoSession.swift */,
				F7D72FE3263FF24800836A71 /* ConfigStorage.swift */,
				F748C240263D678600DFD69F /* DateTimeFormat.swift */,
				F748C235263D678600DFD69F /* DebugLog.swift */,
			);
			path = Models;
			sourceTree = "<group>";
		};
		F748C236263D678600DFD69F /* Mock */ = {
			isa = PBXGroup;
			children = (
				F756F5AF263D6AE500648DE2 /* MockUserPassword.swift */,
				F748C237263D678600DFD69F /* MockPage.swift */,
				F748C238263D678600DFD69F /* MockRanking.swift */,
				F748C239263D678600DFD69F /* MockSearchResult.swift */,
			);
			path = Mock;
			sourceTree = "<group>";
		};
		F748C23A263D678600DFD69F /* DmcAPI */ = {
			isa = PBXGroup;
			children = (
				F748C23B263D678600DFD69F /* DmcSessionRequest.swift */,
				F748C23C263D678600DFD69F /* DmcSessionResponse.swift */,
				F748C23D263D678600DFD69F /* DmcSessionInfo.swift */,
			);
			path = DmcAPI;
			sourceTree = "<group>";
		};
		F748C243263D678600DFD69F /* CommentAPI */ = {
			isa = PBXGroup;
			children = (
				F748C244263D678600DFD69F /* CommentResponse.swift */,
				F748C245263D678600DFD69F /* CommentRequest.swift */,
			);
			path = CommentAPI;
			sourceTree = "<group>";
		};
		F748C262263D67AE00DFD69F /* ViewModels */ = {
			isa = PBXGroup;
			children = (
				F748C263263D67AE00DFD69F /* SearchViewModel.swift */,
				F748C264263D67AE00DFD69F /* VideoDetailViewModel.swift */,
				F748C265263D67AE00DFD69F /* RankingViewModel.swift */,
				F7D72FDE263FF19A00836A71 /* SettingViewModel.swift */,
				F748C266263D67AE00DFD69F /* Player */,
			);
			path = ViewModels;
			sourceTree = "<group>";
		};
		F748C266263D67AE00DFD69F /* Player */ = {
			isa = PBXGroup;
			children = (
				F748C267263D67AE00DFD69F /* VideoScreen.swift */,
				F792BEA7264282BB0048ECF0 /* StreamConnection.swift */,
				F748C268263D67AE00DFD69F /* PlayerViewModel.swift */,
			);
			path = Player;
			sourceTree = "<group>";
		};
		F748C269263D67AF00DFD69F /* Views */ = {
			isa = PBXGroup;
			children = (
				F748C277263D67AF00DFD69F /* ContentView.swift */,
				F74FA98926441E9400D06430 /* TestbedView.swift */,
				F748C272263D67AF00DFD69F /* Common */,
				F748C26A263D67AF00DFD69F /* Ranking */,
				F748C26E263D67AF00DFD69F /* VideoDetail */,
				F748C270263D67AF00DFD69F /* Search */,
				F748C278263D67AF00DFD69F /* Player */,
				F7D72FD8263FE76600836A71 /* Setting */,
			);
			path = Views;
			sourceTree = "<group>";
		};
		F748C26A263D67AF00DFD69F /* Ranking */ = {
			isa = PBXGroup;
			children = (
				F748C26B263D67AF00DFD69F /* RankingRowView.swift */,
				F748C26C263D67AF00DFD69F /* RankingTopView.swift */,
				F748C26D263D67AF00DFD69F /* GenreSelectView.swift */,
			);
			path = Ranking;
			sourceTree = "<group>";
		};
		F748C26E263D67AF00DFD69F /* VideoDetail */ = {
			isa = PBXGroup;
			children = (
				F748C26F263D67AF00DFD69F /* VideoDetailView.swift */,
			);
			path = VideoDetail;
			sourceTree = "<group>";
		};
		F748C270263D67AF00DFD69F /* Search */ = {
			isa = PBXGroup;
			children = (
				F748C271263D67AF00DFD69F /* SearchView.swift */,
				F7D83C9B26414B6F00FC42D7 /* SearchTopView.swift */,
			);
			path = Search;
			sourceTree = "<group>";
		};
		F748C272263D67AF00DFD69F /* Common */ = {
			isa = PBXGroup;
			children = (
				F748C273263D67AF00DFD69F /* OnlineImageIView.swift */,
				F748C274263D67AF00DFD69F /* PropertyLabelView.swift */,
				F748C275263D67AF00DFD69F /* VideoAbstractView.swift */,
				F748C276263D67AF00DFD69F /* ColorPalette.swift */,
				F782BE44263FCCAD00EFB676 /* WebView.swift */,
			);
			path = Common;
			sourceTree = "<group>";
		};
		F748C278263D67AF00DFD69F /* Player */ = {
			isa = PBXGroup;
			children = (
				F748C279263D67AF00DFD69F /* SwipeGesture.swift */,
				F748C27A263D67AF00DFD69F /* PlayerTopView.swift */,
				F748C27B263D67AF00DFD69F /* PlayControlView.swift */,
				F748C27C263D67AF00DFD69F /* CommentView.swift */,
			);
			path = Player;
			sourceTree = "<group>";
		};
		F7D72FD8263FE76600836A71 /* Setting */ = {
			isa = PBXGroup;
			children = (
				F7D72FD9263FE79400836A71 /* SettingView.swift */,
			);
			path = Setting;
			sourceTree = "<group>";
		};
		F7E361392642679B00347944 /* NicoAPI */ = {
			isa = PBXGroup;
			children = (
				F748C243263D678600DFD69F /* CommentAPI */,
				F748C23A263D678600DFD69F /* DmcAPI */,
				F748C234263D678600DFD69F /* VideoStreamAPI.swift */,
				F748C241263D678600DFD69F /* VideoInfoAPI.swift */,
				F748C233263D678600DFD69F /* RankingAPI.swift */,
				F748C242263D678600DFD69F /* SearchAPI.swift */,
				F7C800B226402716005F76D0 /* MylistAPI.swift */,
			);
			path = NicoAPI;
			sourceTree = "<group>";
		};
/* End PBXGroup section */

/* Begin PBXNativeTarget section */
		F748C1F4263D656A00DFD69F /* PleiadesNico */ = {
			isa = PBXNativeTarget;
			buildConfigurationList = F748C21A263D656F00DFD69F /* Build configuration list for PBXNativeTarget "PleiadesNico" */;
			buildPhases = (
				F748C1F1263D656A00DFD69F /* Sources */,
				F748C1F2263D656A00DFD69F /* Frameworks */,
				F748C1F3263D656A00DFD69F /* Resources */,
			);
			buildRules = (
			);
			dependencies = (
			);
			name = PleiadesNico;
			packageProductDependencies = (
				F748C227263D664A00DFD69F /* Kanna */,
				F748C22D263D672400DFD69F /* SDWebImageSwiftUI */,
			);
			productName = PleiadesNico;
			productReference = F748C1F5263D656A00DFD69F /* PleiadesNico.app */;
			productType = "com.apple.product-type.application";
		};
		F748C205263D656F00DFD69F /* PleiadesNicoTests */ = {
			isa = PBXNativeTarget;
			buildConfigurationList = F748C21D263D656F00DFD69F /* Build configuration list for PBXNativeTarget "PleiadesNicoTests" */;
			buildPhases = (
				F748C202263D656F00DFD69F /* Sources */,
				F748C203263D656F00DFD69F /* Frameworks */,
				F748C204263D656F00DFD69F /* Resources */,
			);
			buildRules = (
			);
			dependencies = (
				F748C208263D656F00DFD69F /* PBXTargetDependency */,
			);
			name = PleiadesNicoTests;
			productName = PleiadesNicoTests;
			productReference = F748C206263D656F00DFD69F /* PleiadesNicoTests.xctest */;
			productType = "com.apple.product-type.bundle.unit-test";
		};
		F748C210263D656F00DFD69F /* PleiadesNicoUITests */ = {
			isa = PBXNativeTarget;
			buildConfigurationList = F748C220263D656F00DFD69F /* Build configuration list for PBXNativeTarget "PleiadesNicoUITests" */;
			buildPhases = (
				F748C20D263D656F00DFD69F /* Sources */,
				F748C20E263D656F00DFD69F /* Frameworks */,
				F748C20F263D656F00DFD69F /* Resources */,
			);
			buildRules = (
			);
			dependencies = (
				F748C213263D656F00DFD69F /* PBXTargetDependency */,
			);
			name = PleiadesNicoUITests;
			productName = PleiadesNicoUITests;
			productReference = F748C211263D656F00DFD69F /* PleiadesNicoUITests.xctest */;
			productType = "com.apple.product-type.bundle.ui-testing";
		};
/* End PBXNativeTarget section */

/* Begin PBXProject section */
		F748C1ED263D656A00DFD69F /* Project object */ = {
			isa = PBXProject;
			attributes = {
				LastSwiftUpdateCheck = 1240;
				LastUpgradeCheck = 1240;
				TargetAttributes = {
					F748C1F4263D656A00DFD69F = {
						CreatedOnToolsVersion = 12.4;
					};
					F748C205263D656F00DFD69F = {
						CreatedOnToolsVersion = 12.4;
						TestTargetID = F748C1F4263D656A00DFD69F;
					};
					F748C210263D656F00DFD69F = {
						CreatedOnToolsVersion = 12.4;
						TestTargetID = F748C1F4263D656A00DFD69F;
					};
				};
			};
			buildConfigurationList = F748C1F0263D656A00DFD69F /* Build configuration list for PBXProject "PleiadesNico" */;
			compatibilityVersion = "Xcode 9.3";
			developmentRegion = en;
			hasScannedForEncodings = 0;
			knownRegions = (
				en,
				Base,
			);
			mainGroup = F748C1EC263D656A00DFD69F;
			packageReferences = (
				F748C226263D664A00DFD69F /* XCRemoteSwiftPackageReference "Kanna" */,
				F748C22C263D672400DFD69F /* XCRemoteSwiftPackageReference "SDWebImageSwiftUI" */,
			);
			productRefGroup = F748C1F6263D656A00DFD69F /* Products */;
			projectDirPath = "";
			projectRoot = "";
			targets = (
				F748C1F4263D656A00DFD69F /* PleiadesNico */,
				F748C205263D656F00DFD69F /* PleiadesNicoTests */,
				F748C210263D656F00DFD69F /* PleiadesNicoUITests */,
			);
		};
/* End PBXProject section */

/* Begin PBXResourcesBuildPhase section */
		F748C1F3263D656A00DFD69F /* Resources */ = {
			isa = PBXResourcesBuildPhase;
			buildActionMask = 2147483647;
			files = (
				F748C200263D656F00DFD69F /* Preview Assets.xcassets in Resources */,
				F748C1FD263D656F00DFD69F /* Assets.xcassets in Resources */,
			);
			runOnlyForDeploymentPostprocessing = 0;
		};
		F748C204263D656F00DFD69F /* Resources */ = {
			isa = PBXResourcesBuildPhase;
			buildActionMask = 2147483647;
			files = (
			);
			runOnlyForDeploymentPostprocessing = 0;
		};
		F748C20F263D656F00DFD69F /* Resources */ = {
			isa = PBXResourcesBuildPhase;
			buildActionMask = 2147483647;
			files = (
			);
			runOnlyForDeploymentPostprocessing = 0;
		};
/* End PBXResourcesBuildPhase section */

/* Begin PBXSourcesBuildPhase section */
		F748C1F1263D656A00DFD69F /* Sources */ = {
			isa = PBXSourcesBuildPhase;
			buildActionMask = 2147483647;
			files = (
				F748C283263D67AF00DFD69F /* RankingTopView.swift in Sources */,
				F792BEA8264282BB0048ECF0 /* StreamConnection.swift in Sources */,
				F748C24E263D678600DFD69F /* DmcSessionInfo.swift in Sources */,
				F748C28C263D67AF00DFD69F /* SwipeGesture.swift in Sources */,
				F748C280263D67AF00DFD69F /* VideoScreen.swift in Sources */,
				F7D83C912640E29B00FC42D7 /* NicoURL.swift in Sources */,
				F748C28F263D67AF00DFD69F /* CommentView.swift in Sources */,
				F748C252263D678600DFD69F /* VideoInfoAPI.swift in Sources */,
				F74FA98A26441E9400D06430 /* TestbedView.swift in Sources */,
				F748C27F263D67AF00DFD69F /* RankingViewModel.swift in Sources */,
				F748C251263D678600DFD69F /* DateTimeFormat.swift in Sources */,
				F748C24B263D678600DFD69F /* MockSearchResult.swift in Sources */,
				F748C27D263D67AF00DFD69F /* SearchViewModel.swift in Sources */,
				F748C24A263D678600DFD69F /* MockRanking.swift in Sources */,
				F748C24C263D678600DFD69F /* DmcSessionRequest.swift in Sources */,
				F748C249263D678600DFD69F /* MockPage.swift in Sources */,
				F782BE45263FCCAD00EFB676 /* WebView.swift in Sources */,
				F748C248263D678600DFD69F /* DebugLog.swift in Sources */,
				F748C247263D678600DFD69F /* VideoStreamAPI.swift in Sources */,
				F748C282263D67AF00DFD69F /* RankingRowView.swift in Sources */,
				F748C284263D67AF00DFD69F /* GenreSelectView.swift in Sources */,
				F748C255263D678600DFD69F /* CommentRequest.swift in Sources */,
				F748C24D263D678600DFD69F /* DmcSessionResponse.swift in Sources */,
				F748C253263D678600DFD69F /* SearchAPI.swift in Sources */,
				F7D72FDA263FE79400836A71 /* SettingView.swift in Sources */,
				F748C254263D678600DFD69F /* CommentResponse.swift in Sources */,
				F748C287263D67AF00DFD69F /* OnlineImageIView.swift in Sources */,
				F748C28E263D67AF00DFD69F /* PlayControlView.swift in Sources */,
				F748C27E263D67AF00DFD69F /* VideoDetailViewModel.swift in Sources */,
				F748C289263D67AF00DFD69F /* VideoAbstractView.swift in Sources */,
				F748C28B263D67AF00DFD69F /* ContentView.swift in Sources */,
				F756F5B0263D6AE500648DE2 /* MockUserPassword.swift in Sources */,
				F748C285263D67AF00DFD69F /* VideoDetailView.swift in Sources */,
				F748C281263D67AF00DFD69F /* PlayerViewModel.swift in Sources */,
				F7D72FE4263FF24800836A71 /* ConfigStorage.swift in Sources */,
				F748C286263D67AF00DFD69F /* SearchView.swift in Sources */,
				F748C28D263D67AF00DFD69F /* PlayerTopView.swift in Sources */,
				F748C28A263D67AF00DFD69F /* ColorPalette.swift in Sources */,
				F7D83C9C26414B6F00FC42D7 /* SearchTopView.swift in Sources */,
				F7D72FDF263FF19A00836A71 /* SettingViewModel.swift in Sources */,
				F748C246263D678600DFD69F /* RankingAPI.swift in Sources */,
				F748C250263D678600DFD69F /* NicoSession.swift in Sources */,
				F748C288263D67AF00DFD69F /* PropertyLabelView.swift in Sources */,
				F748C1F9263D656A00DFD69F /* PleiadesNicoApp.swift in Sources */,
				F7C800B326402716005F76D0 /* MylistAPI.swift in Sources */,
			);
			runOnlyForDeploymentPostprocessing = 0;
		};
		F748C202263D656F00DFD69F /* Sources */ = {
			isa = PBXSourcesBuildPhase;
			buildActionMask = 2147483647;
			files = (
				F748C20B263D656F00DFD69F /* PleiadesNicoTests.swift in Sources */,
			);
			runOnlyForDeploymentPostprocessing = 0;
		};
		F748C20D263D656F00DFD69F /* Sources */ = {
			isa = PBXSourcesBuildPhase;
			buildActionMask = 2147483647;
			files = (
				F748C216263D656F00DFD69F /* PleiadesNicoUITests.swift in Sources */,
			);
			runOnlyForDeploymentPostprocessing = 0;
		};
/* End PBXSourcesBuildPhase section */

/* Begin PBXTargetDependency section */
		F748C208263D656F00DFD69F /* PBXTargetDependency */ = {
			isa = PBXTargetDependency;
			target = F748C1F4263D656A00DFD69F /* PleiadesNico */;
			targetProxy = F748C207263D656F00DFD69F /* PBXContainerItemProxy */;
		};
		F748C213263D656F00DFD69F /* PBXTargetDependency */ = {
			isa = PBXTargetDependency;
			target = F748C1F4263D656A00DFD69F /* PleiadesNico */;
			targetProxy = F748C212263D656F00DFD69F /* PBXContainerItemProxy */;
		};
/* End PBXTargetDependency section */

/* Begin XCBuildConfiguration section */
		F748C218263D656F00DFD69F /* Debug */ = {
			isa = XCBuildConfiguration;
			buildSettings = {
				ALWAYS_SEARCH_USER_PATHS = NO;
				CLANG_ANALYZER_NONNULL = YES;
				CLANG_ANALYZER_NUMBER_OBJECT_CONVERSION = YES_AGGRESSIVE;
				CLANG_CXX_LANGUAGE_STANDARD = "gnu++14";
				CLANG_CXX_LIBRARY = "libc++";
				CLANG_ENABLE_MODULES = YES;
				CLANG_ENABLE_OBJC_ARC = YES;
				CLANG_ENABLE_OBJC_WEAK = YES;
				CLANG_WARN_BLOCK_CAPTURE_AUTORELEASING = YES;
				CLANG_WARN_BOOL_CONVERSION = YES;
				CLANG_WARN_COMMA = YES;
				CLANG_WARN_CONSTANT_CONVERSION = YES;
				CLANG_WARN_DEPRECATED_OBJC_IMPLEMENTATIONS = YES;
				CLANG_WARN_DIRECT_OBJC_ISA_USAGE = YES_ERROR;
				CLANG_WARN_DOCUMENTATION_COMMENTS = YES;
				CLANG_WARN_EMPTY_BODY = YES;
				CLANG_WARN_ENUM_CONVERSION = YES;
				CLANG_WARN_INFINITE_RECURSION = YES;
				CLANG_WARN_INT_CONVERSION = YES;
				CLANG_WARN_NON_LITERAL_NULL_CONVERSION = YES;
				CLANG_WARN_OBJC_IMPLICIT_RETAIN_SELF = YES;
				CLANG_WARN_OBJC_LITERAL_CONVERSION = YES;
				CLANG_WARN_OBJC_ROOT_CLASS = YES_ERROR;
				CLANG_WARN_QUOTED_INCLUDE_IN_FRAMEWORK_HEADER = YES;
				CLANG_WARN_RANGE_LOOP_ANALYSIS = YES;
				CLANG_WARN_STRICT_PROTOTYPES = YES;
				CLANG_WARN_SUSPICIOUS_MOVE = YES;
				CLANG_WARN_UNGUARDED_AVAILABILITY = YES_AGGRESSIVE;
				CLANG_WARN_UNREACHABLE_CODE = YES;
				CLANG_WARN__DUPLICATE_METHOD_MATCH = YES;
				COPY_PHASE_STRIP = NO;
				DEBUG_INFORMATION_FORMAT = dwarf;
				ENABLE_STRICT_OBJC_MSGSEND = YES;
				ENABLE_TESTABILITY = YES;
				GCC_C_LANGUAGE_STANDARD = gnu11;
				GCC_DYNAMIC_NO_PIC = NO;
				GCC_NO_COMMON_BLOCKS = YES;
				GCC_OPTIMIZATION_LEVEL = 0;
				GCC_PREPROCESSOR_DEFINITIONS = (
					"DEBUG=1",
					"$(inherited)",
				);
				GCC_WARN_64_TO_32_BIT_CONVERSION = YES;
				GCC_WARN_ABOUT_RETURN_TYPE = YES_ERROR;
				GCC_WARN_UNDECLARED_SELECTOR = YES;
				GCC_WARN_UNINITIALIZED_AUTOS = YES_AGGRESSIVE;
				GCC_WARN_UNUSED_FUNCTION = YES;
				GCC_WARN_UNUSED_VARIABLE = YES;
				IPHONEOS_DEPLOYMENT_TARGET = 13.0;
				MTL_ENABLE_DEBUG_INFO = INCLUDE_SOURCE;
				MTL_FAST_MATH = YES;
				ONLY_ACTIVE_ARCH = YES;
				SDKROOT = iphoneos;
				SWIFT_ACTIVE_COMPILATION_CONDITIONS = DEBUG;
				SWIFT_OPTIMIZATION_LEVEL = "-Onone";
			};
			name = Debug;
		};
		F748C219263D656F00DFD69F /* Release */ = {
			isa = XCBuildConfiguration;
			buildSettings = {
				ALWAYS_SEARCH_USER_PATHS = NO;
				CLANG_ANALYZER_NONNULL = YES;
				CLANG_ANALYZER_NUMBER_OBJECT_CONVERSION = YES_AGGRESSIVE;
				CLANG_CXX_LANGUAGE_STANDARD = "gnu++14";
				CLANG_CXX_LIBRARY = "libc++";
				CLANG_ENABLE_MODULES = YES;
				CLANG_ENABLE_OBJC_ARC = YES;
				CLANG_ENABLE_OBJC_WEAK = YES;
				CLANG_WARN_BLOCK_CAPTURE_AUTORELEASING = YES;
				CLANG_WARN_BOOL_CONVERSION = YES;
				CLANG_WARN_COMMA = YES;
				CLANG_WARN_CONSTANT_CONVERSION = YES;
				CLANG_WARN_DEPRECATED_OBJC_IMPLEMENTATIONS = YES;
				CLANG_WARN_DIRECT_OBJC_ISA_USAGE = YES_ERROR;
				CLANG_WARN_DOCUMENTATION_COMMENTS = YES;
				CLANG_WARN_EMPTY_BODY = YES;
				CLANG_WARN_ENUM_CONVERSION = YES;
				CLANG_WARN_INFINITE_RECURSION = YES;
				CLANG_WARN_INT_CONVERSION = YES;
				CLANG_WARN_NON_LITERAL_NULL_CONVERSION = YES;
				CLANG_WARN_OBJC_IMPLICIT_RETAIN_SELF = YES;
				CLANG_WARN_OBJC_LITERAL_CONVERSION = YES;
				CLANG_WARN_OBJC_ROOT_CLASS = YES_ERROR;
				CLANG_WARN_QUOTED_INCLUDE_IN_FRAMEWORK_HEADER = YES;
				CLANG_WARN_RANGE_LOOP_ANALYSIS = YES;
				CLANG_WARN_STRICT_PROTOTYPES = YES;
				CLANG_WARN_SUSPICIOUS_MOVE = YES;
				CLANG_WARN_UNGUARDED_AVAILABILITY = YES_AGGRESSIVE;
				CLANG_WARN_UNREACHABLE_CODE = YES;
				CLANG_WARN__DUPLICATE_METHOD_MATCH = YES;
				COPY_PHASE_STRIP = NO;
				DEBUG_INFORMATION_FORMAT = "dwarf-with-dsym";
				ENABLE_NS_ASSERTIONS = NO;
				ENABLE_STRICT_OBJC_MSGSEND = YES;
				GCC_C_LANGUAGE_STANDARD = gnu11;
				GCC_NO_COMMON_BLOCKS = YES;
				GCC_WARN_64_TO_32_BIT_CONVERSION = YES;
				GCC_WARN_ABOUT_RETURN_TYPE = YES_ERROR;
				GCC_WARN_UNDECLARED_SELECTOR = YES;
				GCC_WARN_UNINITIALIZED_AUTOS = YES_AGGRESSIVE;
				GCC_WARN_UNUSED_FUNCTION = YES;
				GCC_WARN_UNUSED_VARIABLE = YES;
				IPHONEOS_DEPLOYMENT_TARGET = 13.0;
				MTL_ENABLE_DEBUG_INFO = NO;
				MTL_FAST_MATH = YES;
				SDKROOT = iphoneos;
				SWIFT_COMPILATION_MODE = wholemodule;
				SWIFT_OPTIMIZATION_LEVEL = "-O";
				VALIDATE_PRODUCT = YES;
			};
			name = Release;
		};
		F748C21B263D656F00DFD69F /* Debug */ = {
			isa = XCBuildConfiguration;
			buildSettings = {
				ASSETCATALOG_COMPILER_APPICON_NAME = AppIcon;
				ASSETCATALOG_COMPILER_GLOBAL_ACCENT_COLOR_NAME = AccentColor;
				CODE_SIGN_STYLE = Automatic;
				DEVELOPMENT_ASSET_PATHS = "\"PleiadesNico/Preview Content\"";
				DEVELOPMENT_TEAM = XK8GJRZK64;
				ENABLE_PREVIEWS = YES;
				INFOPLIST_FILE = PleiadesNico/Info.plist;
				IPHONEOS_DEPLOYMENT_TARGET = 14.0;
				LD_RUNPATH_SEARCH_PATHS = (
					"$(inherited)",
					"@executable_path/Frameworks",
				);
				PRODUCT_BUNDLE_IDENTIFIER = "Pleiades-App-studio.PleiadesNico";
				PRODUCT_NAME = "$(TARGET_NAME)";
				SWIFT_VERSION = 5.0;
				TARGETED_DEVICE_FAMILY = "1,2";
			};
			name = Debug;
		};
		F748C21C263D656F00DFD69F /* Release */ = {
			isa = XCBuildConfiguration;
			buildSettings = {
				ASSETCATALOG_COMPILER_APPICON_NAME = AppIcon;
				ASSETCATALOG_COMPILER_GLOBAL_ACCENT_COLOR_NAME = AccentColor;
				CODE_SIGN_STYLE = Automatic;
				DEVELOPMENT_ASSET_PATHS = "\"PleiadesNico/Preview Content\"";
				DEVELOPMENT_TEAM = XK8GJRZK64;
				ENABLE_PREVIEWS = YES;
				INFOPLIST_FILE = PleiadesNico/Info.plist;
				IPHONEOS_DEPLOYMENT_TARGET = 14.0;
				LD_RUNPATH_SEARCH_PATHS = (
					"$(inherited)",
					"@executable_path/Frameworks",
				);
				PRODUCT_BUNDLE_IDENTIFIER = "Pleiades-App-studio.PleiadesNico";
				PRODUCT_NAME = "$(TARGET_NAME)";
				SWIFT_VERSION = 5.0;
				TARGETED_DEVICE_FAMILY = "1,2";
			};
			name = Release;
		};
		F748C21E263D656F00DFD69F /* Debug */ = {
			isa = XCBuildConfiguration;
			buildSettings = {
				ALWAYS_EMBED_SWIFT_STANDARD_LIBRARIES = YES;
				BUNDLE_LOADER = "$(TEST_HOST)";
				CODE_SIGN_STYLE = Automatic;
				INFOPLIST_FILE = PleiadesNicoTests/Info.plist;
				IPHONEOS_DEPLOYMENT_TARGET = 14.0;
				LD_RUNPATH_SEARCH_PATHS = (
					"$(inherited)",
					"@executable_path/Frameworks",
					"@loader_path/Frameworks",
				);
				PRODUCT_BUNDLE_IDENTIFIER = "Pleiades-App-studio.PleiadesNicoTests";
				PRODUCT_NAME = "$(TARGET_NAME)";
				SWIFT_VERSION = 5.0;
				TARGETED_DEVICE_FAMILY = "1,2";
				TEST_HOST = "$(BUILT_PRODUCTS_DIR)/PleiadesNico.app/PleiadesNico";
			};
			name = Debug;
		};
		F748C21F263D656F00DFD69F /* Release */ = {
			isa = XCBuildConfiguration;
			buildSettings = {
				ALWAYS_EMBED_SWIFT_STANDARD_LIBRARIES = YES;
				BUNDLE_LOADER = "$(TEST_HOST)";
				CODE_SIGN_STYLE = Automatic;
				INFOPLIST_FILE = PleiadesNicoTests/Info.plist;
				IPHONEOS_DEPLOYMENT_TARGET = 14.0;
				LD_RUNPATH_SEARCH_PATHS = (
					"$(inherited)",
					"@executable_path/Frameworks",
					"@loader_path/Frameworks",
				);
				PRODUCT_BUNDLE_IDENTIFIER = "Pleiades-App-studio.PleiadesNicoTests";
				PRODUCT_NAME = "$(TARGET_NAME)";
				SWIFT_VERSION = 5.0;
				TARGETED_DEVICE_FAMILY = "1,2";
				TEST_HOST = "$(BUILT_PRODUCTS_DIR)/PleiadesNico.app/PleiadesNico";
			};
			name = Release;
		};
		F748C221263D656F00DFD69F /* Debug */ = {
			isa = XCBuildConfiguration;
			buildSettings = {
				ALWAYS_EMBED_SWIFT_STANDARD_LIBRARIES = YES;
				CODE_SIGN_STYLE = Automatic;
				INFOPLIST_FILE = PleiadesNicoUITests/Info.plist;
				LD_RUNPATH_SEARCH_PATHS = (
					"$(inherited)",
					"@executable_path/Frameworks",
					"@loader_path/Frameworks",
				);
				PRODUCT_BUNDLE_IDENTIFIER = "Pleiades-App-studio.PleiadesNicoUITests";
				PRODUCT_NAME = "$(TARGET_NAME)";
				SWIFT_VERSION = 5.0;
				TARGETED_DEVICE_FAMILY = "1,2";
				TEST_TARGET_NAME = PleiadesNico;
			};
			name = Debug;
		};
		F748C222263D656F00DFD69F /* Release */ = {
			isa = XCBuildConfiguration;
			buildSettings = {
				ALWAYS_EMBED_SWIFT_STANDARD_LIBRARIES = YES;
				CODE_SIGN_STYLE = Automatic;
				INFOPLIST_FILE = PleiadesNicoUITests/Info.plist;
				LD_RUNPATH_SEARCH_PATHS = (
					"$(inherited)",
					"@executable_path/Frameworks",
					"@loader_path/Frameworks",
				);
				PRODUCT_BUNDLE_IDENTIFIER = "Pleiades-App-studio.PleiadesNicoUITests";
				PRODUCT_NAME = "$(TARGET_NAME)";
				SWIFT_VERSION = 5.0;
				TARGETED_DEVICE_FAMILY = "1,2";
				TEST_TARGET_NAME = PleiadesNico;
			};
			name = Release;
		};
/* End XCBuildConfiguration section */

/* Begin XCConfigurationList section */
		F748C1F0263D656A00DFD69F /* Build configuration list for PBXProject "PleiadesNico" */ = {
			isa = XCConfigurationList;
			buildConfigurations = (
				F748C218263D656F00DFD69F /* Debug */,
				F748C219263D656F00DFD69F /* Release */,
			);
			defaultConfigurationIsVisible = 0;
			defaultConfigurationName = Release;
		};
		F748C21A263D656F00DFD69F /* Build configuration list for PBXNativeTarget "PleiadesNico" */ = {
			isa = XCConfigurationList;
			buildConfigurations = (
				F748C21B263D656F00DFD69F /* Debug */,
				F748C21C263D656F00DFD69F /* Release */,
			);
			defaultConfigurationIsVisible = 0;
			defaultConfigurationName = Release;
		};
		F748C21D263D656F00DFD69F /* Build configuration list for PBXNativeTarget "PleiadesNicoTests" */ = {
			isa = XCConfigurationList;
			buildConfigurations = (
				F748C21E263D656F00DFD69F /* Debug */,
				F748C21F263D656F00DFD69F /* Release */,
			);
			defaultConfigurationIsVisible = 0;
			defaultConfigurationName = Release;
		};
		F748C220263D656F00DFD69F /* Build configuration list for PBXNativeTarget "PleiadesNicoUITests" */ = {
			isa = XCConfigurationList;
			buildConfigurations = (
				F748C221263D656F00DFD69F /* Debug */,
				F748C222263D656F00DFD69F /* Release */,
			);
			defaultConfigurationIsVisible = 0;
			defaultConfigurationName = Release;
		};
/* End XCConfigurationList section */

/* Begin XCRemoteSwiftPackageReference section */
		F748C226263D664A00DFD69F /* XCRemoteSwiftPackageReference "Kanna" */ = {
			isa = XCRemoteSwiftPackageReference;
			repositoryURL = "https://github.com/tid-kijyun/Kanna.git";
			requirement = {
				kind = upToNextMajorVersion;
				minimumVersion = 5.2.4;
			};
		};
		F748C22C263D672400DFD69F /* XCRemoteSwiftPackageReference "SDWebImageSwiftUI" */ = {
			isa = XCRemoteSwiftPackageReference;
			repositoryURL = "https://github.com/SDWebImage/SDWebImageSwiftUI.git";
			requirement = {
				kind = upToNextMajorVersion;
				minimumVersion = 2.0.2;
			};
		};
/* End XCRemoteSwiftPackageReference section */

/* Begin XCSwiftPackageProductDependency section */
		F748C227263D664A00DFD69F /* Kanna */ = {
			isa = XCSwiftPackageProductDependency;
			package = F748C226263D664A00DFD69F /* XCRemoteSwiftPackageReference "Kanna" */;
			productName = Kanna;
		};
		F748C22D263D672400DFD69F /* SDWebImageSwiftUI */ = {
			isa = XCSwiftPackageProductDependency;
			package = F748C22C263D672400DFD69F /* XCRemoteSwiftPackageReference "SDWebImageSwiftUI" */;
			productName = SDWebImageSwiftUI;
		};
/* End XCSwiftPackageProductDependency section */
	};
	rootObject = F748C1ED263D656A00DFD69F /* Project object */;
}
